// !$*UTF8*$!
{
	archiveVersion = 1;
	classes = {
	};
	objectVersion = 77;
	objects = {

/* Begin PBXBuildFile section */
		2044CCB62EF1959C009C4968 /* .api-config.plist in Resources */ = {isa = PBXBuildFile; fileRef = 2044CCB52EF1959C009C4968 /* .api-config.plist */; };
		2044CCB72EF1959C009C4968 /* .api-config.plist in Resources */ = {isa = PBXBuildFile; fileRef = 2044CCB52EF1959C009C4968 /* .api-config.plist */; };
		2044CCB82EF1959C009C4968 /* .api-config.plist in Resources */ = {isa = PBXBuildFile; fileRef = 2044CCB52EF1959C009C4968 /* .api-config.plist */; };
/* End PBXBuildFile section */

/* Begin PBXContainerItemProxy section */
		2044CC822EF17E04009C4968 /* PBXContainerItemProxy */ = {
			isa = PBXContainerItemProxy;
			containerPortal = 2044CC6A2EF17E03009C4968 /* Project object */;
			proxyType = 1;
			remoteGlobalIDString = 2044CC712EF17E03009C4968;
			remoteInfo = polarView;
		};
		2044CC8C2EF17E04009C4968 /* PBXContainerItemProxy */ = {
			isa = PBXContainerItemProxy;
			containerPortal = 2044CC6A2EF17E03009C4968 /* Project object */;
			proxyType = 1;
			remoteGlobalIDString = 2044CC712EF17E03009C4968;
			remoteInfo = polarView;
		};
/* End PBXContainerItemProxy section */

/* Begin PBXFileReference section */
		2044CC722EF17E03009C4968 /* polarView.app */ = {isa = PBXFileReference; explicitFileType = wrapper.application; includeInIndex = 0; path = polarView.app; sourceTree = BUILT_PRODUCTS_DIR; };
		2044CC812EF17E04009C4968 /* polarViewTests.xctest */ = {isa = PBXFileReference; explicitFileType = wrapper.cfbundle; includeInIndex = 0; path = polarViewTests.xctest; sourceTree = BUILT_PRODUCTS_DIR; };
		2044CC8B2EF17E04009C4968 /* polarViewUITests.xctest */ = {isa = PBXFileReference; explicitFileType = wrapper.cfbundle; includeInIndex = 0; path = polarViewUITests.xctest; sourceTree = BUILT_PRODUCTS_DIR; };
		2044CCB52EF1959C009C4968 /* .api-config.plist */ = {isa = PBXFileReference; lastKnownFileType = text.plist.xml; path = ".api-config.plist"; sourceTree = "<group>"; };
/* End PBXFileReference section */

/* Begin PBXFileSystemSynchronizedBuildFileExceptionSet section */
		2044CCB22EF18253009C4968 /* Exceptions for "polarView" folder in "polarView" target */ = {
			isa = PBXFileSystemSynchronizedBuildFileExceptionSet;
			membershipExceptions = (
				Info.plist,
			);
			target = 2044CC712EF17E03009C4968 /* polarView */;
		};
/* End PBXFileSystemSynchronizedBuildFileExceptionSet section */

/* Begin PBXFileSystemSynchronizedRootGroup section */
		2044CC742EF17E03009C4968 /* polarView */ = {
			isa = PBXFileSystemSynchronizedRootGroup;
			exceptions = (
				2044CCB22EF18253009C4968 /* Exceptions for "polarView" folder in "polarView" target */,
			);
			path = polarView;
			sourceTree = "<group>";
		};
		2044CC842EF17E04009C4968 /* polarViewTests */ = {
			isa = PBXFileSystemSynchronizedRootGroup;
			path = polarViewTests;
			sourceTree = "<group>";
		};
		2044CC8E2EF17E04009C4968 /* polarViewUITests */ = {
			isa = PBXFileSystemSynchronizedRootGroup;
			path = polarViewUITests;
			sourceTree = "<group>";
		};
/* End PBXFileSystemSynchronizedRootGroup section */

/* Begin PBXFrameworksBuildPhase section */
		2044CC6F2EF17E03009C4968 /* Frameworks */ = {
			isa = PBXFrameworksBuildPhase;
			buildActionMask = 2147483647;
			files = (
			);
			runOnlyForDeploymentPostprocessing = 0;
		};
		2044CC7E2EF17E04009C4968 /* Frameworks */ = {
			isa = PBXFrameworksBuildPhase;
			buildActionMask = 2147483647;
			files = (
			);
			runOnlyForDeploymentPostprocessing = 0;
		};
		2044CC882EF17E04009C4968 /* Frameworks */ = {
			isa = PBXFrameworksBuildPhase;
			buildActionMask = 2147483647;
			files = (
			);
			runOnlyForDeploymentPostprocessing = 0;
		};
/* End PBXFrameworksBuildPhase section */

/* Begin PBXGroup section */
		2044CC692EF17E03009C4968 = {
			isa = PBXGroup;
			children = (
				2044CC742EF17E03009C4968 /* polarView */,
				2044CC842EF17E04009C4968 /* polarViewTests */,
				2044CC8E2EF17E04009C4968 /* polarViewUITests */,
				2044CC732EF17E03009C4968 /* Products */,
				2044CCB52EF1959C009C4968 /* .api-config.plist */,
			);
			sourceTree = "<group>";
		};
		2044CC732EF17E03009C4968 /* Products */ = {
			isa = PBXGroup;
			children = (
				2044CC722EF17E03009C4968 /* polarView.app */,
				2044CC812EF17E04009C4968 /* polarViewTests.xctest */,
				2044CC8B2EF17E04009C4968 /* polarViewUITests.xctest */,
			);
			name = Products;
			sourceTree = "<group>";
		};
/* End PBXGroup section */

/* Begin PBXNativeTarget section */
		2044CC712EF17E03009C4968 /* polarView */ = {
			isa = PBXNativeTarget;
			buildConfigurationList = 2044CC952EF17E04009C4968 /* Build configuration list for PBXNativeTarget "polarView" */;
			buildPhases = (
				2044CC6E2EF17E03009C4968 /* Sources */,
				2044CC6F2EF17E03009C4968 /* Frameworks */,
				2044CC702EF17E03009C4968 /* Resources */,
			);
			buildRules = (
			);
			dependencies = (
			);
			fileSystemSynchronizedGroups = (
				2044CC742EF17E03009C4968 /* polarView */,
			);
			name = polarView;
			packageProductDependencies = (
			);
			productName = polarView;
			productReference = 2044CC722EF17E03009C4968 /* polarView.app */;
			productType = "com.apple.product-type.application";
		};
		2044CC802EF17E04009C4968 /* polarViewTests */ = {
			isa = PBXNativeTarget;
			buildConfigurationList = 2044CC982EF17E04009C4968 /* Build configuration list for PBXNativeTarget "polarViewTests" */;
			buildPhases = (
				2044CC7D2EF17E04009C4968 /* Sources */,
				2044CC7E2EF17E04009C4968 /* Frameworks */,
				2044CC7F2EF17E04009C4968 /* Resources */,
			);
			buildRules = (
			);
			dependencies = (
				2044CC832EF17E04009C4968 /* PBXTargetDependency */,
			);
			fileSystemSynchronizedGroups = (
				2044CC842EF17E04009C4968 /* polarViewTests */,
			);
			name = polarViewTests;
			packageProductDependencies = (
			);
			productName = polarViewTests;
			productReference = 2044CC812EF17E04009C4968 /* polarViewTests.xctest */;
			productType = "com.apple.product-type.bundle.unit-test";
		};
		2044CC8A2EF17E04009C4968 /* polarViewUITests */ = {
			isa = PBXNativeTarget;
			buildConfigurationList = 2044CC9B2EF17E04009C4968 /* Build configuration list for PBXNativeTarget "polarViewUITests" */;
			buildPhases = (
				2044CC872EF17E04009C4968 /* Sources */,
				2044CC882EF17E04009C4968 /* Frameworks */,
				2044CC892EF17E04009C4968 /* Resources */,
			);
			buildRules = (
			);
			dependencies = (
				2044CC8D2EF17E04009C4968 /* PBXTargetDependency */,
			);
			fileSystemSynchronizedGroups = (
				2044CC8E2EF17E04009C4968 /* polarViewUITests */,
			);
			name = polarViewUITests;
			packageProductDependencies = (
			);
			productName = polarViewUITests;
			productReference = 2044CC8B2EF17E04009C4968 /* polarViewUITests.xctest */;
			productType = "com.apple.product-type.bundle.ui-testing";
		};
/* End PBXNativeTarget section */

/* Begin PBXProject section */
		2044CC6A2EF17E03009C4968 /* Project object */ = {
			isa = PBXProject;
			attributes = {
				BuildIndependentTargetsInParallel = 1;
				LastSwiftUpdateCheck = 2620;
				LastUpgradeCheck = 2620;
				TargetAttributes = {
					2044CC712EF17E03009C4968 = {
						CreatedOnToolsVersion = 26.2;
					};
					2044CC802EF17E04009C4968 = {
						CreatedOnToolsVersion = 26.2;
						TestTargetID = 2044CC712EF17E03009C4968;
					};
					2044CC8A2EF17E04009C4968 = {
						CreatedOnToolsVersion = 26.2;
						TestTargetID = 2044CC712EF17E03009C4968;
					};
				};
			};
			buildConfigurationList = 2044CC6D2EF17E03009C4968 /* Build configuration list for PBXProject "polarView" */;
			developmentRegion = en;
			hasScannedForEncodings = 0;
			knownRegions = (
				en,
				Base,
			);
			mainGroup = 2044CC692EF17E03009C4968;
			minimizedProjectReferenceProxies = 1;
			preferredProjectObjectVersion = 77;
			productRefGroup = 2044CC732EF17E03009C4968 /* Products */;
			projectDirPath = "";
			projectRoot = "";
			targets = (
				2044CC712EF17E03009C4968 /* polarView */,
				2044CC802EF17E04009C4968 /* polarViewTests */,
				2044CC8A2EF17E04009C4968 /* polarViewUITests */,
			);
		};
/* End PBXProject section */

/* Begin PBXResourcesBuildPhase section */
		2044CC702EF17E03009C4968 /* Resources */ = {
			isa = PBXResourcesBuildPhase;
			buildActionMask = 2147483647;
			files = (
				2044CCB82EF1959C009C4968 /* .api-config.plist in Resources */,
			);
			runOnlyForDeploymentPostprocessing = 0;
		};
		2044CC7F2EF17E04009C4968 /* Resources */ = {
			isa = PBXResourcesBuildPhase;
			buildActionMask = 2147483647;
			files = (
				2044CCB62EF1959C009C4968 /* .api-config.plist in Resources */,
			);
			runOnlyForDeploymentPostprocessing = 0;
		};
		2044CC892EF17E04009C4968 /* Resources */ = {
			isa = PBXResourcesBuildPhase;
			buildActionMask = 2147483647;
			files = (
				2044CCB72EF1959C009C4968 /* .api-config.plist in Resources */,
			);
			runOnlyForDeploymentPostprocessing = 0;
		};
/* End PBXResourcesBuildPhase section */

/* Begin PBXSourcesBuildPhase section */
		2044CC6E2EF17E03009C4968 /* Sources */ = {
			isa = PBXSourcesBuildPhase;
			buildActionMask = 2147483647;
			files = (
			);
			runOnlyForDeploymentPostprocessing = 0;
		};
		2044CC7D2EF17E04009C4968 /* Sources */ = {
			isa = PBXSourcesBuildPhase;
			buildActionMask = 2147483647;
			files = (
			);
			runOnlyForDeploymentPostprocessing = 0;
		};
		2044CC872EF17E04009C4968 /* Sources */ = {
			isa = PBXSourcesBuildPhase;
			buildActionMask = 2147483647;
			files = (
			);
			runOnlyForDeploymentPostprocessing = 0;
		};
/* End PBXSourcesBuildPhase section */

/* Begin PBXTargetDependency section */
		2044CC832EF17E04009C4968 /* PBXTargetDependency */ = {
			isa = PBXTargetDependency;
			target = 2044CC712EF17E03009C4968 /* polarView */;
			targetProxy = 2044CC822EF17E04009C4968 /* PBXContainerItemProxy */;
		};
		2044CC8D2EF17E04009C4968 /* PBXTargetDependency */ = {
			isa = PBXTargetDependency;
			target = 2044CC712EF17E03009C4968 /* polarView */;
			targetProxy = 2044CC8C2EF17E04009C4968 /* PBXContainerItemProxy */;
		};
/* End PBXTargetDependency section */

/* Begin XCBuildConfiguration section */
		2044CC932EF17E04009C4968 /* Debug */ = {
			isa = XCBuildConfiguration;
			buildSettings = {
				ALWAYS_SEARCH_USER_PATHS = NO;
				ASSETCATALOG_COMPILER_GENERATE_SWIFT_ASSET_SYMBOL_EXTENSIONS = YES;
				CLANG_ANALYZER_NONNULL = YES;
				CLANG_ANALYZER_NUMBER_OBJECT_CONVERSION = YES_AGGRESSIVE;
				CLANG_CXX_LANGUAGE_STANDARD = "gnu++20";
				CLANG_ENABLE_MODULES = YES;
				CLANG_ENABLE_OBJC_ARC = YES;
				CLANG_ENABLE_OBJC_WEAK = YES;
				CLANG_WARN_BLOCK_CAPTURE_AUTORELEASING = YES;
				CLANG_WARN_BOOL_CONVERSION = YES;
				CLANG_WARN_COMMA = YES;
				CLANG_WARN_CONSTANT_CONVERSION = YES;
				CLANG_WARN_DEPRECATED_OBJC_IMPLEMENTATIONS = YES;
				CLANG_WARN_DIRECT_OBJC_ISA_USAGE = YES_ERROR;
				CLANG_WARN_DOCUMENTATION_COMMENTS = YES;
				CLANG_WARN_EMPTY_BODY = YES;
				CLANG_WARN_ENUM_CONVERSION = YES;
				CLANG_WARN_INFINITE_RECURSION = YES;
				CLANG_WARN_INT_CONVERSION = YES;
				CLANG_WARN_NON_LITERAL_NULL_CONVERSION = YES;
				CLANG_WARN_OBJC_IMPLICIT_RETAIN_SELF = YES;
				CLANG_WARN_OBJC_LITERAL_CONVERSION = YES;
				CLANG_WARN_OBJC_ROOT_CLASS = YES_ERROR;
				CLANG_WARN_QUOTED_INCLUDE_IN_FRAMEWORK_HEADER = YES;
				CLANG_WARN_RANGE_LOOP_ANALYSIS = YES;
				CLANG_WARN_STRICT_PROTOTYPES = YES;
				CLANG_WARN_SUSPICIOUS_MOVE = YES;
				CLANG_WARN_UNGUARDED_AVAILABILITY = YES_AGGRESSIVE;
				CLANG_WARN_UNREACHABLE_CODE = YES;
				CLANG_WARN__DUPLICATE_METHOD_MATCH = YES;
				COPY_PHASE_STRIP = NO;
				DEBUG_INFORMATION_FORMAT = dwarf;
				ENABLE_STRICT_OBJC_MSGSEND = YES;
				ENABLE_TESTABILITY = YES;
				ENABLE_USER_SCRIPT_SANDBOXING = YES;
				GCC_C_LANGUAGE_STANDARD = gnu17;
				GCC_DYNAMIC_NO_PIC = NO;
				GCC_NO_COMMON_BLOCKS = YES;
				GCC_OPTIMIZATION_LEVEL = 0;
				GCC_PREPROCESSOR_DEFINITIONS = (
					"DEBUG=1",
					"$(inherited)",
				);
				GCC_WARN_64_TO_32_BIT_CONVERSION = YES;
				GCC_WARN_ABOUT_RETURN_TYPE = YES_ERROR;
				GCC_WARN_UNDECLARED_SELECTOR = YES;
				GCC_WARN_UNINITIALIZED_AUTOS = YES_AGGRESSIVE;
				GCC_WARN_UNUSED_FUNCTION = YES;
				GCC_WARN_UNUSED_VARIABLE = YES;
				IPHONEOS_DEPLOYMENT_TARGET = 26.2;
				LOCALIZATION_PREFERS_STRING_CATALOGS = YES;
				MTL_ENABLE_DEBUG_INFO = INCLUDE_SOURCE;
				MTL_FAST_MATH = YES;
				ONLY_ACTIVE_ARCH = YES;
				SDKROOT = iphoneos;
				SWIFT_ACTIVE_COMPILATION_CONDITIONS = "DEBUG $(inherited)";
				SWIFT_OPTIMIZATION_LEVEL = "-Onone";
			};
			name = Debug;
		};
		2044CC942EF17E04009C4968 /* Release */ = {
			isa = XCBuildConfiguration;
			buildSettings = {
				ALWAYS_SEARCH_USER_PATHS = NO;
				ASSETCATALOG_COMPILER_GENERATE_SWIFT_ASSET_SYMBOL_EXTENSIONS = YES;
				CLANG_ANALYZER_NONNULL = YES;
				CLANG_ANALYZER_NUMBER_OBJECT_CONVERSION = YES_AGGRESSIVE;
				CLANG_CXX_LANGUAGE_STANDARD = "gnu++20";
				CLANG_ENABLE_MODULES = YES;
				CLANG_ENABLE_OBJC_ARC = YES;
				CLANG_ENABLE_OBJC_WEAK = YES;
				CLANG_WARN_BLOCK_CAPTURE_AUTORELEASING = YES;
				CLANG_WARN_BOOL_CONVERSION = YES;
				CLANG_WARN_COMMA = YES;
				CLANG_WARN_CONSTANT_CONVERSION = YES;
				CLANG_WARN_DEPRECATED_OBJC_IMPLEMENTATIONS = YES;
				CLANG_WARN_DIRECT_OBJC_ISA_USAGE = YES_ERROR;
				CLANG_WARN_DOCUMENTATION_COMMENTS = YES;
				CLANG_WARN_EMPTY_BODY = YES;
				CLANG_WARN_ENUM_CONVERSION = YES;
				CLANG_WARN_INFINITE_RECURSION = YES;
				CLANG_WARN_INT_CONVERSION = YES;
				CLANG_WARN_NON_LITERAL_NULL_CONVERSION = YES;
				CLANG_WARN_OBJC_IMPLICIT_RETAIN_SELF = YES;
				CLANG_WARN_OBJC_LITERAL_CONVERSION = YES;
				CLANG_WARN_OBJC_ROOT_CLASS = YES_ERROR;
				CLANG_WARN_QUOTED_INCLUDE_IN_FRAMEWORK_HEADER = YES;
				CLANG_WARN_RANGE_LOOP_ANALYSIS = YES;
				CLANG_WARN_STRICT_PROTOTYPES = YES;
				CLANG_WARN_SUSPICIOUS_MOVE = YES;
				CLANG_WARN_UNGUARDED_AVAILABILITY = YES_AGGRESSIVE;
				CLANG_WARN_UNREACHABLE_CODE = YES;
				CLANG_WARN__DUPLICATE_METHOD_MATCH = YES;
				COPY_PHASE_STRIP = NO;
				DEBUG_INFORMATION_FORMAT = "dwarf-with-dsym";
				ENABLE_NS_ASSERTIONS = NO;
				ENABLE_STRICT_OBJC_MSGSEND = YES;
				ENABLE_USER_SCRIPT_SANDBOXING = YES;
				GCC_C_LANGUAGE_STANDARD = gnu17;
				GCC_NO_COMMON_BLOCKS = YES;
				GCC_WARN_64_TO_32_BIT_CONVERSION = YES;
				GCC_WARN_ABOUT_RETURN_TYPE = YES_ERROR;
				GCC_WARN_UNDECLARED_SELECTOR = YES;
				GCC_WARN_UNINITIALIZED_AUTOS = YES_AGGRESSIVE;
				GCC_WARN_UNUSED_FUNCTION = YES;
				GCC_WARN_UNUSED_VARIABLE = YES;
				IPHONEOS_DEPLOYMENT_TARGET = 26.2;
				LOCALIZATION_PREFERS_STRING_CATALOGS = YES;
				MTL_ENABLE_DEBUG_INFO = NO;
				MTL_FAST_MATH = YES;
				SDKROOT = iphoneos;
				SWIFT_COMPILATION_MODE = wholemodule;
				VALIDATE_PRODUCT = YES;
			};
			name = Release;
		};
		2044CC962EF17E04009C4968 /* Debug */ = {
			isa = XCBuildConfiguration;
			buildSettings = {
				ASSETCATALOG_COMPILER_APPICON_NAME = AppIcon;
				ASSETCATALOG_COMPILER_GLOBAL_ACCENT_COLOR_NAME = AccentColor;
				CODE_SIGN_STYLE = Automatic;
				CURRENT_PROJECT_VERSION = 1;
				ENABLE_PREVIEWS = YES;
				GENERATE_INFOPLIST_FILE = YES;
				INFOPLIST_FILE = polarView/Info.plist;
				INFOPLIST_KEY_UIApplicationSceneManifest_Generation = YES;
				INFOPLIST_KEY_UIApplicationSupportsIndirectInputEvents = YES;
				INFOPLIST_KEY_UILaunchScreen_Generation = YES;
				INFOPLIST_KEY_UISupportedInterfaceOrientations_iPad = "UIInterfaceOrientationPortrait UIInterfaceOrientationPortraitUpsideDown UIInterfaceOrientationLandscapeLeft UIInterfaceOrientationLandscapeRight";
				INFOPLIST_KEY_UISupportedInterfaceOrientations_iPhone = "UIInterfaceOrientationPortrait UIInterfaceOrientationLandscapeLeft UIInterfaceOrientationLandscapeRight";
				LD_RUNPATH_SEARCH_PATHS = (
					"$(inherited)",
					"@executable_path/Frameworks",
				);
				MARKETING_VERSION = 1.0;
				PRODUCT_BUNDLE_IDENTIFIER = com.turphai.polarView.polarView;
				PRODUCT_NAME = "$(TARGET_NAME)";
				STRING_CATALOG_GENERATE_SYMBOLS = YES;
				SWIFT_APPROACHABLE_CONCURRENCY = YES;
				SWIFT_DEFAULT_ACTOR_ISOLATION = MainActor;
				SWIFT_EMIT_LOC_STRINGS = YES;
				SWIFT_UPCOMING_FEATURE_MEMBER_IMPORT_VISIBILITY = YES;
				SWIFT_VERSION = 5.0;
				TARGETED_DEVICE_FAMILY = "1,2";
			};
			name = Debug;
		};
		2044CC972EF17E04009C4968 /* Release */ = {
			isa = XCBuildConfiguration;
			buildSettings = {
				ASSETCATALOG_COMPILER_APPICON_NAME = AppIcon;
				ASSETCATALOG_COMPILER_GLOBAL_ACCENT_COLOR_NAME = AccentColor;
				CODE_SIGN_STYLE = Automatic;
				CURRENT_PROJECT_VERSION = 1;
				ENABLE_PREVIEWS = YES;
				GENERATE_INFOPLIST_FILE = YES;
				INFOPLIST_FILE = polarView/Info.plist;
				INFOPLIST_KEY_UIApplicationSceneManifest_Generation = YES;
				INFOPLIST_KEY_UIApplicationSupportsIndirectInputEvents = YES;
				INFOPLIST_KEY_UILaunchScreen_Generation = YES;
				INFOPLIST_KEY_UISupportedInterfaceOrientations_iPad = "UIInterfaceOrientationPortrait UIInterfaceOrientationPortraitUpsideDown UIInterfaceOrientationLandscapeLeft UIInterfaceOrientationLandscapeRight";
				INFOPLIST_KEY_UISupportedInterfaceOrientations_iPhone = "UIInterfaceOrientationPortrait UIInterfaceOrientationLandscapeLeft UIInterfaceOrientationLandscapeRight";
				LD_RUNPATH_SEARCH_PATHS = (
					"$(inherited)",
					"@executable_path/Frameworks",
				);
				MARKETING_VERSION = 1.0;
				PRODUCT_BUNDLE_IDENTIFIER = com.turphai.polarView.polarView;
				PRODUCT_NAME = "$(TARGET_NAME)";
				STRING_CATALOG_GENERATE_SYMBOLS = YES;
				SWIFT_APPROACHABLE_CONCURRENCY = YES;
				SWIFT_DEFAULT_ACTOR_ISOLATION = MainActor;
				SWIFT_EMIT_LOC_STRINGS = YES;
				SWIFT_UPCOMING_FEATURE_MEMBER_IMPORT_VISIBILITY = YES;
				SWIFT_VERSION = 5.0;
				TARGETED_DEVICE_FAMILY = "1,2";
			};
			name = Release;
		};
		2044CC992EF17E04009C4968 /* Debug */ = {
			isa = XCBuildConfiguration;
			buildSettings = {
				BUNDLE_LOADER = "$(TEST_HOST)";
				CODE_SIGN_STYLE = Automatic;
				CURRENT_PROJECT_VERSION = 1;
				GENERATE_INFOPLIST_FILE = YES;
				IPHONEOS_DEPLOYMENT_TARGET = 26.2;
				MARKETING_VERSION = 1.0;
				PRODUCT_BUNDLE_IDENTIFIER = com.turphai.polarView.polarViewTests;
				PRODUCT_NAME = "$(TARGET_NAME)";
				STRING_CATALOG_GENERATE_SYMBOLS = NO;
				SWIFT_APPROACHABLE_CONCURRENCY = YES;
				SWIFT_EMIT_LOC_STRINGS = NO;
				SWIFT_UPCOMING_FEATURE_MEMBER_IMPORT_VISIBILITY = YES;
				SWIFT_VERSION = 5.0;
				TARGETED_DEVICE_FAMILY = "1,2";
				TEST_HOST = "$(BUILT_PRODUCTS_DIR)/polarView.app/$(BUNDLE_EXECUTABLE_FOLDER_PATH)/polarView";
			};
			name = Debug;
		};
		2044CC9A2EF17E04009C4968 /* Release */ = {
			isa = XCBuildConfiguration;
			buildSettings = {
				BUNDLE_LOADER = "$(TEST_HOST)";
				CODE_SIGN_STYLE = Automatic;
				CURRENT_PROJECT_VERSION = 1;
				GENERATE_INFOPLIST_FILE = YES;
				IPHONEOS_DEPLOYMENT_TARGET = 26.2;
				MARKETING_VERSION = 1.0;
				PRODUCT_BUNDLE_IDENTIFIER = com.turphai.polarView.polarViewTests;
				PRODUCT_NAME = "$(TARGET_NAME)";
				STRING_CATALOG_GENERATE_SYMBOLS = NO;
				SWIFT_APPROACHABLE_CONCURRENCY = YES;
				SWIFT_EMIT_LOC_STRINGS = NO;
				SWIFT_UPCOMING_FEATURE_MEMBER_IMPORT_VISIBILITY = YES;
				SWIFT_VERSION = 5.0;
				TARGETED_DEVICE_FAMILY = "1,2";
				TEST_HOST = "$(BUILT_PRODUCTS_DIR)/polarView.app/$(BUNDLE_EXECUTABLE_FOLDER_PATH)/polarView";
			};
			name = Release;
		};
		2044CC9C2EF17E04009C4968 /* Debug */ = {
			isa = XCBuildConfiguration;
			buildSettings = {
				CODE_SIGN_STYLE = Automatic;
				CURRENT_PROJECT_VERSION = 1;
				GENERATE_INFOPLIST_FILE = YES;
				MARKETING_VERSION = 1.0;
				PRODUCT_BUNDLE_IDENTIFIER = com.turphai.polarView.polarViewUITests;
				PRODUCT_NAME = "$(TARGET_NAME)";
				STRING_CATALOG_GENERATE_SYMBOLS = NO;
				SWIFT_APPROACHABLE_CONCURRENCY = YES;
				SWIFT_EMIT_LOC_STRINGS = NO;
				SWIFT_UPCOMING_FEATURE_MEMBER_IMPORT_VISIBILITY = YES;
				SWIFT_VERSION = 5.0;
				TARGETED_DEVICE_FAMILY = "1,2";
				TEST_TARGET_NAME = polarView;
			};
			name = Debug;
		};
		2044CC9D2EF17E04009C4968 /* Release */ = {
			isa = XCBuildConfiguration;
			buildSettings = {
				CODE_SIGN_STYLE = Automatic;
				CURRENT_PROJECT_VERSION = 1;
				GENERATE_INFOPLIST_FILE = YES;
				MARKETING_VERSION = 1.0;
				PRODUCT_BUNDLE_IDENTIFIER = com.turphai.polarView.polarViewUITests;
				PRODUCT_NAME = "$(TARGET_NAME)";
				STRING_CATALOG_GENERATE_SYMBOLS = NO;
				SWIFT_APPROACHABLE_CONCURRENCY = YES;
				SWIFT_EMIT_LOC_STRINGS = NO;
				SWIFT_UPCOMING_FEATURE_MEMBER_IMPORT_VISIBILITY = YES;
				SWIFT_VERSION = 5.0;
				TARGETED_DEVICE_FAMILY = "1,2";
				TEST_TARGET_NAME = polarView;
			};
			name = Release;
		};
/* End XCBuildConfiguration section */

/* Begin XCConfigurationList section */
		2044CC6D2EF17E03009C4968 /* Build configuration list for PBXProject "polarView" */ = {
			isa = XCConfigurationList;
			buildConfigurations = (
				2044CC932EF17E04009C4968 /* Debug */,
				2044CC942EF17E04009C4968 /* Release */,
			);
			defaultConfigurationIsVisible = 0;
			defaultConfigurationName = Release;
		};
		2044CC952EF17E04009C4968 /* Build configuration list for PBXNativeTarget "polarView" */ = {
			isa = XCConfigurationList;
			buildConfigurations = (
				2044CC962EF17E04009C4968 /* Debug */,
				2044CC972EF17E04009C4968 /* Release */,
			);
			defaultConfigurationIsVisible = 0;
			defaultConfigurationName = Release;
		};
		2044CC982EF17E04009C4968 /* Build configuration list for PBXNativeTarget "polarViewTests" */ = {
			isa = XCConfigurationList;
			buildConfigurations = (
				2044CC992EF17E04009C4968 /* Debug */,
				2044CC9A2EF17E04009C4968 /* Release */,
			);
			defaultConfigurationIsVisible = 0;
			defaultConfigurationName = Release;
		};
		2044CC9B2EF17E04009C4968 /* Build configuration list for PBXNativeTarget "polarViewUITests" */ = {
			isa = XCConfigurationList;
			buildConfigurations = (
				2044CC9C2EF17E04009C4968 /* Debug */,
				2044CC9D2EF17E04009C4968 /* Release */,
			);
			defaultConfigurationIsVisible = 0;
			defaultConfigurationName = Release;
		};
/* End XCConfigurationList section */
	};
	rootObject = 2044CC6A2EF17E03009C4968 /* Project object */;
}
